
Microsoft Visual Studio Solution File, Format Version 12.00
# Visual Studio Version 17
VisualStudioVersion = 17.1.32210.238
MinimumVisualStudioVersion = 10.0.40219.1
Project("{FAE04EC0-301F-11D3-BF4B-00C04F79EFBC}") = "PokerGame", "PokerGame\PokerGame.csproj", "{2472BB3A-FF23-4200-9F0D-06577EA68362}"
EndProject
Global
	GlobalSection(SolutionConfigurationPlatforms) = preSolution
		Debug|Any CPU = Debug|Any CPU
		Release|Any CPU = Release|Any CPU
	EndGlobalSection
	GlobalSection(ProjectConfigurationPlatforms) = postSolution
		{2472BB3A-FF23-4200-9F0D-06577EA68362}.Debug|Any CPU.ActiveCfg = Debug|Any CPU
		{2472BB3A-FF23-4200-9F0D-06577EA68362}.Debug|Any CPU.Build.0 = Debug|Any CPU
		{2472BB3A-FF23-4200-9F0D-06577EA68362}.Release|Any CPU.ActiveCfg = Release|Any CPU
		{2472BB3A-FF23-4200-9F0D-06577EA68362}.Release|Any CPU.Build.0 = Release|Any CPU
	EndGlobalSection
	GlobalSection(SolutionProperties) = preSolution
		HideSolutionNode = FALSE
	EndGlobalSection
	GlobalSection(ExtensibilityGlobals) = postSolution
		SolutionGuid = {F8F4A587-65B7-453E-939E-F85AC4A2A843}
	EndGlobalSection
EndGlobal
